// !$*UTF8*$!
{
	archiveVersion = 1;
	classes = {
	};
	objectVersion = 50;
	objects = {

/* Begin PBXBuildFile section */
		F470E85E27998684009DF054 /* AppDelegate.swift in Sources */ = {isa = PBXBuildFile; fileRef = F470E85D27998684009DF054 /* AppDelegate.swift */; };
		F470E86027998684009DF054 /* SceneDelegate.swift in Sources */ = {isa = PBXBuildFile; fileRef = F470E85F27998684009DF054 /* SceneDelegate.swift */; };
		F470E86227998684009DF054 /* ViewController.swift in Sources */ = {isa = PBXBuildFile; fileRef = F470E86127998684009DF054 /* ViewController.swift */; };
		F470E86527998684009DF054 /* Main.storyboard in Resources */ = {isa = PBXBuildFile; fileRef = F470E86327998684009DF054 /* Main.storyboard */; };
		F470E86727998685009DF054 /* Assets.xcassets in Resources */ = {isa = PBXBuildFile; fileRef = F470E86627998685009DF054 /* Assets.xcassets */; };
		F470E86A27998685009DF054 /* LaunchScreen.storyboard in Resources */ = {isa = PBXBuildFile; fileRef = F470E86827998685009DF054 /* LaunchScreen.storyboard */; };
		F470E87227998873009DF054 /* CardCell.swift in Sources */ = {isa = PBXBuildFile; fileRef = F470E87127998873009DF054 /* CardCell.swift */; };
		F4920519279D7F2C00A5C0BA /* ViewModel.swift in Sources */ = {isa = PBXBuildFile; fileRef = F4920518279D7F2C00A5C0BA /* ViewModel.swift */; };
		F492051C279D9D5F00A5C0BA /* Constants.swift in Sources */ = {isa = PBXBuildFile; fileRef = F492051B279D9D5F00A5C0BA /* Constants.swift */; };
		F4C3D0A4279AE7A50092D527 /* Extensions.swift in Sources */ = {isa = PBXBuildFile; fileRef = F4C3D0A3279AE7A50092D527 /* Extensions.swift */; };
/* End PBXBuildFile section */

/* Begin PBXFileReference section */
		F470E85A27998684009DF054 /* MatchCards.app */ = {isa = PBXFileReference; explicitFileType = wrapper.application; includeInIndex = 0; path = MatchCards.app; sourceTree = BUILT_PRODUCTS_DIR; };
		F470E85D27998684009DF054 /* AppDelegate.swift */ = {isa = PBXFileReference; lastKnownFileType = sourcecode.swift; path = AppDelegate.swift; sourceTree = "<group>"; };
		F470E85F27998684009DF054 /* SceneDelegate.swift */ = {isa = PBXFileReference; lastKnownFileType = sourcecode.swift; path = SceneDelegate.swift; sourceTree = "<group>"; };
		F470E86127998684009DF054 /* ViewController.swift */ = {isa = PBXFileReference; lastKnownFileType = sourcecode.swift; path = ViewController.swift; sourceTree = "<group>"; };
		F470E86427998684009DF054 /* Base */ = {isa = PBXFileReference; lastKnownFileType = file.storyboard; name = Base; path = Base.lproj/Main.storyboard; sourceTree = "<group>"; };
		F470E86627998685009DF054 /* Assets.xcassets */ = {isa = PBXFileReference; lastKnownFileType = folder.assetcatalog; path = Assets.xcassets; sourceTree = "<group>"; };
		F470E86927998685009DF054 /* Base */ = {isa = PBXFileReference; lastKnownFileType = file.storyboard; name = Base; path = Base.lproj/LaunchScreen.storyboard; sourceTree = "<group>"; };
		F470E86B27998685009DF054 /* Info.plist */ = {isa = PBXFileReference; lastKnownFileType = text.plist.xml; path = Info.plist; sourceTree = "<group>"; };
		F470E87127998873009DF054 /* CardCell.swift */ = {isa = PBXFileReference; lastKnownFileType = sourcecode.swift; path = CardCell.swift; sourceTree = "<group>"; };
		F4920518279D7F2C00A5C0BA /* ViewModel.swift */ = {isa = PBXFileReference; lastKnownFileType = sourcecode.swift; path = ViewModel.swift; sourceTree = "<group>"; };
		F492051B279D9D5F00A5C0BA /* Constants.swift */ = {isa = PBXFileReference; lastKnownFileType = sourcecode.swift; path = Constants.swift; sourceTree = "<group>"; };
		F4C3D0A3279AE7A50092D527 /* Extensions.swift */ = {isa = PBXFileReference; lastKnownFileType = sourcecode.swift; path = Extensions.swift; sourceTree = "<group>"; };
/* End PBXFileReference section */

/* Begin PBXFrameworksBuildPhase section */
		F470E85727998684009DF054 /* Frameworks */ = {
			isa = PBXFrameworksBuildPhase;
			buildActionMask = 2147483647;
			files = (
			);
			runOnlyForDeploymentPostprocessing = 0;
		};
/* End PBXFrameworksBuildPhase section */

/* Begin PBXGroup section */
		F470E85127998684009DF054 = {
			isa = PBXGroup;
			children = (
				F470E85C27998684009DF054 /* MatchCards */,
				F470E85B27998684009DF054 /* Products */,
			);
			sourceTree = "<group>";
		};
		F470E85B27998684009DF054 /* Products */ = {
			isa = PBXGroup;
			children = (
				F470E85A27998684009DF054 /* MatchCards.app */,
			);
			name = Products;
			sourceTree = "<group>";
		};
		F470E85C27998684009DF054 /* MatchCards */ = {
			isa = PBXGroup;
			children = (
				F470E85D27998684009DF054 /* AppDelegate.swift */,
				F470E85F27998684009DF054 /* SceneDelegate.swift */,
				F470E86B27998685009DF054 /* Info.plist */,
				F4920516279D7EE700A5C0BA /* View */,
				F4920517279D7F0200A5C0BA /* ViewModel */,
				F492051A279D7F4E00A5C0BA /* Helpers */,
				F470E86627998685009DF054 /* Assets.xcassets */,
			);
			path = MatchCards;
			sourceTree = "<group>";
		};
		F4920516279D7EE700A5C0BA /* View */ = {
			isa = PBXGroup;
			children = (
				F470E86827998685009DF054 /* LaunchScreen.storyboard */,
				F470E86327998684009DF054 /* Main.storyboard */,
				F470E87127998873009DF054 /* CardCell.swift */,
				F470E86127998684009DF054 /* ViewController.swift */,
			);
			path = View;
			sourceTree = "<group>";
		};
		F4920517279D7F0200A5C0BA /* ViewModel */ = {
			isa = PBXGroup;
			children = (
				F4920518279D7F2C00A5C0BA /* ViewModel.swift */,
			);
			path = ViewModel;
			sourceTree = "<group>";
		};
		F492051A279D7F4E00A5C0BA /* Helpers */ = {
			isa = PBXGroup;
			children = (
				F4C3D0A3279AE7A50092D527 /* Extensions.swift */,
				F492051B279D9D5F00A5C0BA /* Constants.swift */,
			);
			path = Helpers;
			sourceTree = "<group>";
		};
/* End PBXGroup section */

/* Begin PBXNativeTarget section */
		F470E85927998684009DF054 /* MatchCards */ = {
			isa = PBXNativeTarget;
			buildConfigurationList = F470E86E27998685009DF054 /* Build configuration list for PBXNativeTarget "MatchCards" */;
			buildPhases = (
				F470E85627998684009DF054 /* Sources */,
				F470E85727998684009DF054 /* Frameworks */,
				F470E85827998684009DF054 /* Resources */,
			);
			buildRules = (
			);
			dependencies = (
			);
			name = MatchCards;
			productName = MatchCards;
			productReference = F470E85A27998684009DF054 /* MatchCards.app */;
			productType = "com.apple.product-type.application";
		};
/* End PBXNativeTarget section */

/* Begin PBXProject section */
		F470E85227998684009DF054 /* Project object */ = {
			isa = PBXProject;
			attributes = {
				LastSwiftUpdateCheck = 1250;
				LastUpgradeCheck = 1250;
				TargetAttributes = {
					F470E85927998684009DF054 = {
						CreatedOnToolsVersion = 12.5.1;
					};
				};
			};
			buildConfigurationList = F470E85527998684009DF054 /* Build configuration list for PBXProject "MatchCards" */;
			compatibilityVersion = "Xcode 9.3";
			developmentRegion = en;
			hasScannedForEncodings = 0;
			knownRegions = (
				en,
				Base,
			);
			mainGroup = F470E85127998684009DF054;
			productRefGroup = F470E85B27998684009DF054 /* Products */;
			projectDirPath = "";
			projectRoot = "";
			targets = (
				F470E85927998684009DF054 /* MatchCards */,
			);
		};
/* End PBXProject section */

/* Begin PBXResourcesBuildPhase section */
		F470E85827998684009DF054 /* Resources */ = {
			isa = PBXResourcesBuildPhase;
			buildActionMask = 2147483647;
			files = (
				F470E86A27998685009DF054 /* LaunchScreen.storyboard in Resources */,
				F470E86727998685009DF054 /* Assets.xcassets in Resources */,
				F470E86527998684009DF054 /* Main.storyboard in Resources */,
			);
			runOnlyForDeploymentPostprocessing = 0;
		};
/* End PBXResourcesBuildPhase section */

/* Begin PBXSourcesBuildPhase section */
		F470E85627998684009DF054 /* Sources */ = {
			isa = PBXSourcesBuildPhase;
			buildActionMask = 2147483647;
			files = (
				F4C3D0A4279AE7A50092D527 /* Extensions.swift in Sources */,
				F470E86227998684009DF054 /* ViewController.swift in Sources */,
				F470E85E27998684009DF054 /* AppDelegate.swift in Sources */,
				F470E86027998684009DF054 /* SceneDelegate.swift in Sources */,
				F492051C279D9D5F00A5C0BA /* Constants.swift in Sources */,
				F4920519279D7F2C00A5C0BA /* ViewModel.swift in Sources */,
				F470E87227998873009DF054 /* CardCell.swift in Sources */,
			);
			runOnlyForDeploymentPostprocessing = 0;
		};
/* End PBXSourcesBuildPhase section */

/* Begin PBXVariantGroup section */
		F470E86327998684009DF054 /* Main.storyboard */ = {
			isa = PBXVariantGroup;
			children = (
				F470E86427998684009DF054 /* Base */,
			);
			name = Main.storyboard;
			sourceTree = "<group>";
		};
		F470E86827998685009DF054 /* LaunchScreen.storyboard */ = {
			isa = PBXVariantGroup;
			children = (
				F470E86927998685009DF054 /* Base */,
			);
			name = LaunchScreen.storyboard;
			sourceTree = "<group>";
		};
/* End PBXVariantGroup section */

/* Begin XCBuildConfiguration section */
		F470E86C27998685009DF054 /* Debug */ = {
			isa = XCBuildConfiguration;
			buildSettings = {
				ALWAYS_SEARCH_USER_PATHS = NO;
				CLANG_ANALYZER_NONNULL = YES;
				CLANG_ANALYZER_NUMBER_OBJECT_CONVERSION = YES_AGGRESSIVE;
				CLANG_CXX_LANGUAGE_STANDARD = "gnu++14";
				CLANG_CXX_LIBRARY = "libc++";
				CLANG_ENABLE_MODULES = YES;
				CLANG_ENABLE_OBJC_ARC = YES;
				CLANG_ENABLE_OBJC_WEAK = YES;
				CLANG_WARN_BLOCK_CAPTURE_AUTORELEASING = YES;
				CLANG_WARN_BOOL_CONVERSION = YES;
				CLANG_WARN_COMMA = YES;
				CLANG_WARN_CONSTANT_CONVERSION = YES;
				CLANG_WARN_DEPRECATED_OBJC_IMPLEMENTATIONS = YES;
				CLANG_WARN_DIRECT_OBJC_ISA_USAGE = YES_ERROR;
				CLANG_WARN_DOCUMENTATION_COMMENTS = YES;
				CLANG_WARN_EMPTY_BODY = YES;
				CLANG_WARN_ENUM_CONVERSION = YES;
				CLANG_WARN_INFINITE_RECURSION = YES;
				CLANG_WARN_INT_CONVERSION = YES;
				CLANG_WARN_NON_LITERAL_NULL_CONVERSION = YES;
				CLANG_WARN_OBJC_IMPLICIT_RETAIN_SELF = YES;
				CLANG_WARN_OBJC_LITERAL_CONVERSION = YES;
				CLANG_WARN_OBJC_ROOT_CLASS = YES_ERROR;
				CLANG_WARN_QUOTED_INCLUDE_IN_FRAMEWORK_HEADER = YES;
				CLANG_WARN_RANGE_LOOP_ANALYSIS = YES;
				CLANG_WARN_STRICT_PROTOTYPES = YES;
				CLANG_WARN_SUSPICIOUS_MOVE = YES;
				CLANG_WARN_UNGUARDED_AVAILABILITY = YES_AGGRESSIVE;
				CLANG_WARN_UNREACHABLE_CODE = YES;
				CLANG_WARN__DUPLICATE_METHOD_MATCH = YES;
				COPY_PHASE_STRIP = NO;
				DEBUG_INFORMATION_FORMAT = dwarf;
				ENABLE_STRICT_OBJC_MSGSEND = YES;
				ENABLE_TESTABILITY = YES;
				GCC_C_LANGUAGE_STANDARD = gnu11;
				GCC_DYNAMIC_NO_PIC = NO;
				GCC_NO_COMMON_BLOCKS = YES;
				GCC_OPTIMIZATION_LEVEL = 0;
				GCC_PREPROCESSOR_DEFINITIONS = (
					"DEBUG=1",
					"$(inherited)",
				);
				GCC_WARN_64_TO_32_BIT_CONVERSION = YES;
				GCC_WARN_ABOUT_RETURN_TYPE = YES_ERROR;
				GCC_WARN_UNDECLARED_SELECTOR = YES;
				GCC_WARN_UNINITIALIZED_AUTOS = YES_AGGRESSIVE;
				GCC_WARN_UNUSED_FUNCTION = YES;
				GCC_WARN_UNUSED_VARIABLE = YES;
				IPHONEOS_DEPLOYMENT_TARGET = 14.5;
				MTL_ENABLE_DEBUG_INFO = INCLUDE_SOURCE;
				MTL_FAST_MATH = YES;
				ONLY_ACTIVE_ARCH = YES;
				SDKROOT = iphoneos;
				SWIFT_ACTIVE_COMPILATION_CONDITIONS = DEBUG;
				SWIFT_OPTIMIZATION_LEVEL = "-Onone";
			};
			name = Debug;
		};
		F470E86D27998685009DF054 /* Release */ = {
			isa = XCBuildConfiguration;
			buildSettings = {
				ALWAYS_SEARCH_USER_PATHS = NO;
				CLANG_ANALYZER_NONNULL = YES;
				CLANG_ANALYZER_NUMBER_OBJECT_CONVERSION = YES_AGGRESSIVE;
				CLANG_CXX_LANGUAGE_STANDARD = "gnu++14";
				CLANG_CXX_LIBRARY = "libc++";
				CLANG_ENABLE_MODULES = YES;
				CLANG_ENABLE_OBJC_ARC = YES;
				CLANG_ENABLE_OBJC_WEAK = YES;
				CLANG_WARN_BLOCK_CAPTURE_AUTORELEASING = YES;
				CLANG_WARN_BOOL_CONVERSION = YES;
				CLANG_WARN_COMMA = YES;
				CLANG_WARN_CONSTANT_CONVERSION = YES;
				CLANG_WARN_DEPRECATED_OBJC_IMPLEMENTATIONS = YES;
				CLANG_WARN_DIRECT_OBJC_ISA_USAGE = YES_ERROR;
				CLANG_WARN_DOCUMENTATION_COMMENTS = YES;
				CLANG_WARN_EMPTY_BODY = YES;
				CLANG_WARN_ENUM_CONVERSION = YES;
				CLANG_WARN_INFINITE_RECURSION = YES;
				CLANG_WARN_INT_CONVERSION = YES;
				CLANG_WARN_NON_LITERAL_NULL_CONVERSION = YES;
				CLANG_WARN_OBJC_IMPLICIT_RETAIN_SELF = YES;
				CLANG_WARN_OBJC_LITERAL_CONVERSION = YES;
				CLANG_WARN_OBJC_ROOT_CLASS = YES_ERROR;
				CLANG_WARN_QUOTED_INCLUDE_IN_FRAMEWORK_HEADER = YES;
				CLANG_WARN_RANGE_LOOP_ANALYSIS = YES;
				CLANG_WARN_STRICT_PROTOTYPES = YES;
				CLANG_WARN_SUSPICIOUS_MOVE = YES;
				CLANG_WARN_UNGUARDED_AVAILABILITY = YES_AGGRESSIVE;
				CLANG_WARN_UNREACHABLE_CODE = YES;
				CLANG_WARN__DUPLICATE_METHOD_MATCH = YES;
				COPY_PHASE_STRIP = NO;
				DEBUG_INFORMATION_FORMAT = "dwarf-with-dsym";
				ENABLE_NS_ASSERTIONS = NO;
				ENABLE_STRICT_OBJC_MSGSEND = YES;
				GCC_C_LANGUAGE_STANDARD = gnu11;
				GCC_NO_COMMON_BLOCKS = YES;
				GCC_WARN_64_TO_32_BIT_CONVERSION = YES;
				GCC_WARN_ABOUT_RETURN_TYPE = YES_ERROR;
				GCC_WARN_UNDECLARED_SELECTOR = YES;
				GCC_WARN_UNINITIALIZED_AUTOS = YES_AGGRESSIVE;
				GCC_WARN_UNUSED_FUNCTION = YES;
				GCC_WARN_UNUSED_VARIABLE = YES;
				IPHONEOS_DEPLOYMENT_TARGET = 14.5;
				MTL_ENABLE_DEBUG_INFO = NO;
				MTL_FAST_MATH = YES;
				SDKROOT = iphoneos;
				SWIFT_COMPILATION_MODE = wholemodule;
				SWIFT_OPTIMIZATION_LEVEL = "-O";
				VALIDATE_PRODUCT = YES;
			};
			name = Release;
		};
		F470E86F27998685009DF054 /* Debug */ = {
			isa = XCBuildConfiguration;
			buildSettings = {
				ASSETCATALOG_COMPILER_APPICON_NAME = AppIcon;
				ASSETCATALOG_COMPILER_GLOBAL_ACCENT_COLOR_NAME = AccentColor;
				CODE_SIGN_STYLE = Automatic;
				DEVELOPMENT_TEAM = 4FACU82P2U;
				INFOPLIST_FILE = MatchCards/Info.plist;
				LD_RUNPATH_SEARCH_PATHS = (
					"$(inherited)",
					"@executable_path/Frameworks",
				);
				PRODUCT_BUNDLE_IDENTIFIER = com.myApp.RxSample.MatchCards;
				PRODUCT_NAME = "$(TARGET_NAME)";
				SWIFT_VERSION = 5.0;
				TARGETED_DEVICE_FAMILY = 2;
			};
			name = Debug;
		};
		F470E87027998685009DF054 /* Release */ = {
			isa = XCBuildConfiguration;
			buildSettings = {
				ASSETCATALOG_COMPILER_APPICON_NAME = AppIcon;
				ASSETCATALOG_COMPILER_GLOBAL_ACCENT_COLOR_NAME = AccentColor;
				CODE_SIGN_STYLE = Automatic;
				DEVELOPMENT_TEAM = 4FACU82P2U;
				INFOPLIST_FILE = MatchCards/Info.plist;
				LD_RUNPATH_SEARCH_PATHS = (
					"$(inherited)",
					"@executable_path/Frameworks",
				);
				PRODUCT_BUNDLE_IDENTIFIER = com.myApp.RxSample.MatchCards;
				PRODUCT_NAME = "$(TARGET_NAME)";
				SWIFT_VERSION = 5.0;
				TARGETED_DEVICE_FAMILY = 2;
			};
			name = Release;
		};
/* End XCBuildConfiguration section */

/* Begin XCConfigurationList section */
		F470E85527998684009DF054 /* Build configuration list for PBXProject "MatchCards" */ = {
			isa = XCConfigurationList;
			buildConfigurations = (
				F470E86C27998685009DF054 /* Debug */,
				F470E86D27998685009DF054 /* Release */,
			);
			defaultConfigurationIsVisible = 0;
			defaultConfigurationName = Release;
		};
		F470E86E27998685009DF054 /* Build configuration list for PBXNativeTarget "MatchCards" */ = {
			isa = XCConfigurationList;
			buildConfigurations = (
				F470E86F27998685009DF054 /* Debug */,
				F470E87027998685009DF054 /* Release */,
			);
			defaultConfigurationIsVisible = 0;
			defaultConfigurationName = Release;
		};
/* End XCConfigurationList section */
	};
	rootObject = F470E85227998684009DF054 /* Project object */;
}
